
Microsoft Visual Studio Solution File, Format Version 12.00
# Visual Studio 15
VisualStudioVersion = 15.0.28307.106
MinimumVisualStudioVersion = 10.0.40219.1
Project("{FAE04EC0-301F-11D3-BF4B-00C04F79EFBC}") = "FunctionApp1", "FunctionApp1\FunctionApp1.csproj", "{674C5557-0E2D-44E6-8CD6-1FCB6D2056DD}"
EndProject
Global
	GlobalSection(SolutionConfigurationPlatforms) = preSolution
		Debug|Any CPU = Debug|Any CPU
		Release|Any CPU = Release|Any CPU
	EndGlobalSection
	GlobalSection(ProjectConfigurationPlatforms) = postSolution
		{674C5557-0E2D-44E6-8CD6-1FCB6D2056DD}.Debug|Any CPU.ActiveCfg = Debug|Any CPU
		{674C5557-0E2D-44E6-8CD6-1FCB6D2056DD}.Debug|Any CPU.Build.0 = Debug|Any CPU
		{674C5557-0E2D-44E6-8CD6-1FCB6D2056DD}.Release|Any CPU.ActiveCfg = Release|Any CPU
		{674C5557-0E2D-44E6-8CD6-1FCB6D2056DD}.Release|Any CPU.Build.0 = Release|Any CPU
	EndGlobalSection
	GlobalSection(SolutionProperties) = preSolution
		HideSolutionNode = FALSE
	EndGlobalSection
	GlobalSection(ExtensibilityGlobals) = postSolution
		SolutionGuid = {01FD8AF7-46CD-405D-835F-6C4ED432C558}
	EndGlobalSection
EndGlobal
